{
  "name": "me",
  "version": "1.0.0",
  "lockfileVersion": 1,
  "requires": true,
  "dependencies": {
    "pdftohtmljs": {
      "version": "0.6.0",
      "resolved": "https://registry.npmjs.org/pdftohtmljs/-/pdftohtmljs-0.6.0.tgz",
      "integrity": "sha512-9ihk3VQNwl45Qcj20p7Y6bFJxobvluvJVg24m+WZTYOxKqd5X/nNIWKj8X6UycTfrE7H6ittXWqV+UE/1q62yg=="
    }
  }
}
